
Microsoft Visual Studio Solution File, Format Version 12.00
# Visual Studio Version 16
VisualStudioVersion = 16.0.30517.126
MinimumVisualStudioVersion = 10.0.40219.1
Project("{FAE04EC0-301F-11D3-BF4B-00C04F79EFBC}") = "MandarInfo", "MandarInfo\MandarInfo.csproj", "{AA673CAE-7B8B-43F7-9480-8A9CDAE2856D}"
EndProject
Global
	GlobalSection(SolutionConfigurationPlatforms) = preSolution
		Debug|Any CPU = Debug|Any CPU
		Release|Any CPU = Release|Any CPU
	EndGlobalSection
	GlobalSection(ProjectConfigurationPlatforms) = postSolution
		{AA673CAE-7B8B-43F7-9480-8A9CDAE2856D}.Debug|Any CPU.ActiveCfg = Debug|Any CPU
		{AA673CAE-7B8B-43F7-9480-8A9CDAE2856D}.Debug|Any CPU.Build.0 = Debug|Any CPU
		{AA673CAE-7B8B-43F7-9480-8A9CDAE2856D}.Release|Any CPU.ActiveCfg = Release|Any CPU
		{AA673CAE-7B8B-43F7-9480-8A9CDAE2856D}.Release|Any CPU.Build.0 = Release|Any CPU
	EndGlobalSection
	GlobalSection(SolutionProperties) = preSolution
		HideSolutionNode = FALSE
	EndGlobalSection
	GlobalSection(ExtensibilityGlobals) = postSolution
		SolutionGuid = {5B00315E-6656-4F68-99C2-3A63F87743F6}
	EndGlobalSection
EndGlobal
